PODS:
  - Alamofire (4.6.0)
  - Decodable (0.6.0)
  - Keys (1.0.0)
  - Realm (3.0.2):
    - Realm/Headers (= 3.0.2)
  - Realm/Headers (3.0.2)
  - RealmSwift (3.0.2):
    - Realm (= 3.0.2)

DEPENDENCIES:
  - Alamofire
  - Decodable
  - Keys (from `Pods/CocoaPodsKeys`)
  - RealmSwift

EXTERNAL SOURCES:
  Keys:
    :path: Pods/CocoaPodsKeys

SPEC CHECKSUMS:
  Alamofire: f41a599bd63041760b26d393ec1069d9d7b917f4
  Decodable: f0b95fa2fcf8633dd097aa8f7f09838ab3524f5d
  Keys: 9c35bf00f612ee1d48556f4a4b9b4551e224e90f
  Realm: 6f23fd1f178a09342eac21bfa7c2bf4312a7a180
  RealmSwift: 695393add1b8f9d5fa75dd16e6355cf3935f71e2

PODFILE CHECKSUM: 366abc2ed11da5fd396a871e2fa5436e3038ae7e

COCOAPODS: 1.0.1
