// !$*UTF8*$!
{
	archiveVersion = 1;
	classes = {
	};
	objectVersion = 48;
	objects = {

/* Begin PBXBuildFile section */
		180A8DFD1D8C73A50023DEF7 /* Route.swift in Sources */ = {isa = PBXBuildFile; fileRef = 180A8DFC1D8C73A50023DEF7 /* Route.swift */; };
		180A8E001D8C75D30023DEF7 /* Stop.swift in Sources */ = {isa = PBXBuildFile; fileRef = 180A8DFF1D8C75D30023DEF7 /* Stop.swift */; };
		180A8E021D8CB2890023DEF7 /* WatchedDestination.swift in Sources */ = {isa = PBXBuildFile; fileRef = 180A8E011D8CB2890023DEF7 /* WatchedDestination.swift */; };
		180A8E051D8CB8AC0023DEF7 /* ManageDestinationsViewController.swift in Sources */ = {isa = PBXBuildFile; fileRef = 180A8E041D8CB8AC0023DEF7 /* ManageDestinationsViewController.swift */; };
		180A8E071D8CBFC60023DEF7 /* ManageDestinationsDetailViewController.swift in Sources */ = {isa = PBXBuildFile; fileRef = 180A8E061D8CBFC60023DEF7 /* ManageDestinationsDetailViewController.swift */; };
		180A8E091D8CD2460023DEF7 /* TrimetDestinationCell.swift in Sources */ = {isa = PBXBuildFile; fileRef = 180A8E081D8CD2460023DEF7 /* TrimetDestinationCell.swift */; };
		180A8E0E1D8DC3480023DEF7 /* Vehicle.swift in Sources */ = {isa = PBXBuildFile; fileRef = 180A8E0D1D8DC3480023DEF7 /* Vehicle.swift */; };
		180A8E101D8DCD1C0023DEF7 /* RootViewController.swift in Sources */ = {isa = PBXBuildFile; fileRef = 180A8E0F1D8DCD1C0023DEF7 /* RootViewController.swift */; };
		180A8E121D8DCE6F0023DEF7 /* TrimetMapViewController.swift in Sources */ = {isa = PBXBuildFile; fileRef = 180A8E111D8DCE6F0023DEF7 /* TrimetMapViewController.swift */; };
		180A8E151D8DCFE50023DEF7 /* Location.swift in Sources */ = {isa = PBXBuildFile; fileRef = 180A8E141D8DCFE50023DEF7 /* Location.swift */; };
		180A8E171D8DD5720023DEF7 /* VehicleAnnotation.swift in Sources */ = {isa = PBXBuildFile; fileRef = 180A8E161D8DD5720023DEF7 /* VehicleAnnotation.swift */; };
		180A8E191D8DE3A40023DEF7 /* CGFloat+Trig.swift in Sources */ = {isa = PBXBuildFile; fileRef = 180A8E181D8DE3A40023DEF7 /* CGFloat+Trig.swift */; };
		180A8E1C1D8DEF4C0023DEF7 /* Style.swift in Sources */ = {isa = PBXBuildFile; fileRef = 180A8E1B1D8DEF4C0023DEF7 /* Style.swift */; };
		180EF5362000159E0008DE30 /* MaxRouteLine.swift in Sources */ = {isa = PBXBuildFile; fileRef = 180EF5352000159E0008DE30 /* MaxRouteLine.swift */; };
		181E25231D8F22D6005A938A /* DestinationDecorationView.swift in Sources */ = {isa = PBXBuildFile; fileRef = 181E25221D8F22D6005A938A /* DestinationDecorationView.swift */; };
		181E25251D8F2349005A938A /* DestinationLayout.swift in Sources */ = {isa = PBXBuildFile; fileRef = 181E25241D8F2349005A938A /* DestinationLayout.swift */; };
		181E25301D8F3653005A938A /* Overpass-Bold-Italic.ttf in Resources */ = {isa = PBXBuildFile; fileRef = 181E25261D8F2C0E005A938A /* Overpass-Bold-Italic.ttf */; };
		181E25311D8F3653005A938A /* Overpass-Bold.ttf in Resources */ = {isa = PBXBuildFile; fileRef = 181E25271D8F2C0E005A938A /* Overpass-Bold.ttf */; };
		181E25321D8F3653005A938A /* Overpass-ExtraLight Italic.ttf in Resources */ = {isa = PBXBuildFile; fileRef = 181E25281D8F2C0E005A938A /* Overpass-ExtraLight Italic.ttf */; };
		181E25331D8F3653005A938A /* Overpass-ExtraLight.ttf in Resources */ = {isa = PBXBuildFile; fileRef = 181E25291D8F2C0E005A938A /* Overpass-ExtraLight.ttf */; };
		181E25341D8F3653005A938A /* Overpass-Light-Italic.ttf in Resources */ = {isa = PBXBuildFile; fileRef = 181E252A1D8F2C0E005A938A /* Overpass-Light-Italic.ttf */; };
		181E25351D8F3653005A938A /* Overpass-Light.ttf in Resources */ = {isa = PBXBuildFile; fileRef = 181E252B1D8F2C0E005A938A /* Overpass-Light.ttf */; };
		181E25361D8F3653005A938A /* Overpass-Regular-Italic.ttf in Resources */ = {isa = PBXBuildFile; fileRef = 181E252C1D8F2C0E005A938A /* Overpass-Regular-Italic.ttf */; };
		181E25371D8F3653005A938A /* Overpass-Regular.ttf in Resources */ = {isa = PBXBuildFile; fileRef = 181E252D1D8F2C0E005A938A /* Overpass-Regular.ttf */; };
		182CAC352259213300A2FC31 /* tm_rail_lines.kml in Resources */ = {isa = PBXBuildFile; fileRef = 182CAC342259213300A2FC31 /* tm_rail_lines.kml */; };
		1837A9831D7FC062000ED091 /* AppDelegate.swift in Sources */ = {isa = PBXBuildFile; fileRef = 1837A9821D7FC062000ED091 /* AppDelegate.swift */; };
		1837A9851D7FC062000ED091 /* TrimetViewController.swift in Sources */ = {isa = PBXBuildFile; fileRef = 1837A9841D7FC062000ED091 /* TrimetViewController.swift */; };
		1837A9881D7FC062000ED091 /* Main.storyboard in Resources */ = {isa = PBXBuildFile; fileRef = 1837A9861D7FC062000ED091 /* Main.storyboard */; };
		1837A98A1D7FC062000ED091 /* Assets.xcassets in Resources */ = {isa = PBXBuildFile; fileRef = 1837A9891D7FC062000ED091 /* Assets.xcassets */; };
		1837A9921D7FC28C000ED091 /* Data.swift in Sources */ = {isa = PBXBuildFile; fileRef = 1837A9911D7FC28C000ED091 /* Data.swift */; };
		1837A9941D7FC331000ED091 /* API.swift in Sources */ = {isa = PBXBuildFile; fileRef = 1837A9931D7FC330000ED091 /* API.swift */; };
		188025D52003EA2200F621FE /* RoutePolyline.swift in Sources */ = {isa = PBXBuildFile; fileRef = 188025D42003EA2200F621FE /* RoutePolyline.swift */; };
		31A30D2E460AAA585A719955 /* Pods_status_board.framework in Frameworks */ = {isa = PBXBuildFile; fileRef = 75FE7C4D88DA3B367C94CFE1 /* Pods_status_board.framework */; };
/* End PBXBuildFile section */

/* Begin PBXFileReference section */
		180A8DFC1D8C73A50023DEF7 /* Route.swift */ = {isa = PBXFileReference; fileEncoding = 4; lastKnownFileType = sourcecode.swift; path = Route.swift; sourceTree = "<group>"; };
		180A8DFF1D8C75D30023DEF7 /* Stop.swift */ = {isa = PBXFileReference; fileEncoding = 4; lastKnownFileType = sourcecode.swift; path = Stop.swift; sourceTree = "<group>"; };
		180A8E011D8CB2890023DEF7 /* WatchedDestination.swift */ = {isa = PBXFileReference; fileEncoding = 4; lastKnownFileType = sourcecode.swift; path = WatchedDestination.swift; sourceTree = "<group>"; };
		180A8E041D8CB8AC0023DEF7 /* ManageDestinationsViewController.swift */ = {isa = PBXFileReference; fileEncoding = 4; lastKnownFileType = sourcecode.swift; path = ManageDestinationsViewController.swift; sourceTree = "<group>"; };
		180A8E061D8CBFC60023DEF7 /* ManageDestinationsDetailViewController.swift */ = {isa = PBXFileReference; fileEncoding = 4; lastKnownFileType = sourcecode.swift; path = ManageDestinationsDetailViewController.swift; sourceTree = "<group>"; };
		180A8E081D8CD2460023DEF7 /* TrimetDestinationCell.swift */ = {isa = PBXFileReference; fileEncoding = 4; lastKnownFileType = sourcecode.swift; path = TrimetDestinationCell.swift; sourceTree = "<group>"; };
		180A8E0D1D8DC3480023DEF7 /* Vehicle.swift */ = {isa = PBXFileReference; fileEncoding = 4; lastKnownFileType = sourcecode.swift; path = Vehicle.swift; sourceTree = "<group>"; };
		180A8E0F1D8DCD1C0023DEF7 /* RootViewController.swift */ = {isa = PBXFileReference; fileEncoding = 4; lastKnownFileType = sourcecode.swift; path = RootViewController.swift; sourceTree = "<group>"; };
		180A8E111D8DCE6F0023DEF7 /* TrimetMapViewController.swift */ = {isa = PBXFileReference; fileEncoding = 4; lastKnownFileType = sourcecode.swift; path = TrimetMapViewController.swift; sourceTree = "<group>"; };
		180A8E141D8DCFE50023DEF7 /* Location.swift */ = {isa = PBXFileReference; fileEncoding = 4; lastKnownFileType = sourcecode.swift; path = Location.swift; sourceTree = "<group>"; };
		180A8E161D8DD5720023DEF7 /* VehicleAnnotation.swift */ = {isa = PBXFileReference; fileEncoding = 4; lastKnownFileType = sourcecode.swift; path = VehicleAnnotation.swift; sourceTree = "<group>"; };
		180A8E181D8DE3A40023DEF7 /* CGFloat+Trig.swift */ = {isa = PBXFileReference; fileEncoding = 4; lastKnownFileType = sourcecode.swift; path = "CGFloat+Trig.swift"; sourceTree = "<group>"; };
		180A8E1B1D8DEF4C0023DEF7 /* Style.swift */ = {isa = PBXFileReference; fileEncoding = 4; lastKnownFileType = sourcecode.swift; path = Style.swift; sourceTree = "<group>"; };
		180EF5352000159E0008DE30 /* MaxRouteLine.swift */ = {isa = PBXFileReference; lastKnownFileType = sourcecode.swift; path = MaxRouteLine.swift; sourceTree = "<group>"; };
		181E25221D8F22D6005A938A /* DestinationDecorationView.swift */ = {isa = PBXFileReference; fileEncoding = 4; lastKnownFileType = sourcecode.swift; path = DestinationDecorationView.swift; sourceTree = "<group>"; };
		181E25241D8F2349005A938A /* DestinationLayout.swift */ = {isa = PBXFileReference; fileEncoding = 4; lastKnownFileType = sourcecode.swift; path = DestinationLayout.swift; sourceTree = "<group>"; };
		181E25261D8F2C0E005A938A /* Overpass-Bold-Italic.ttf */ = {isa = PBXFileReference; lastKnownFileType = file; path = "Overpass-Bold-Italic.ttf"; sourceTree = "<group>"; };
		181E25271D8F2C0E005A938A /* Overpass-Bold.ttf */ = {isa = PBXFileReference; lastKnownFileType = file; path = "Overpass-Bold.ttf"; sourceTree = "<group>"; };
		181E25281D8F2C0E005A938A /* Overpass-ExtraLight Italic.ttf */ = {isa = PBXFileReference; lastKnownFileType = file; path = "Overpass-ExtraLight Italic.ttf"; sourceTree = "<group>"; };
		181E25291D8F2C0E005A938A /* Overpass-ExtraLight.ttf */ = {isa = PBXFileReference; lastKnownFileType = file; path = "Overpass-ExtraLight.ttf"; sourceTree = "<group>"; };
		181E252A1D8F2C0E005A938A /* Overpass-Light-Italic.ttf */ = {isa = PBXFileReference; lastKnownFileType = file; path = "Overpass-Light-Italic.ttf"; sourceTree = "<group>"; };
		181E252B1D8F2C0E005A938A /* Overpass-Light.ttf */ = {isa = PBXFileReference; lastKnownFileType = file; path = "Overpass-Light.ttf"; sourceTree = "<group>"; };
		181E252C1D8F2C0E005A938A /* Overpass-Regular-Italic.ttf */ = {isa = PBXFileReference; lastKnownFileType = file; path = "Overpass-Regular-Italic.ttf"; sourceTree = "<group>"; };
		181E252D1D8F2C0E005A938A /* Overpass-Regular.ttf */ = {isa = PBXFileReference; lastKnownFileType = file; path = "Overpass-Regular.ttf"; sourceTree = "<group>"; };
		182CAC342259213300A2FC31 /* tm_rail_lines.kml */ = {isa = PBXFileReference; fileEncoding = 4; lastKnownFileType = text.xml; path = tm_rail_lines.kml; sourceTree = "<group>"; };
		1837A97F1D7FC062000ED091 /* status-board.app */ = {isa = PBXFileReference; explicitFileType = wrapper.application; includeInIndex = 0; path = "status-board.app"; sourceTree = BUILT_PRODUCTS_DIR; };
		1837A9821D7FC062000ED091 /* AppDelegate.swift */ = {isa = PBXFileReference; lastKnownFileType = sourcecode.swift; path = AppDelegate.swift; sourceTree = "<group>"; };
		1837A9841D7FC062000ED091 /* TrimetViewController.swift */ = {isa = PBXFileReference; lastKnownFileType = sourcecode.swift; path = TrimetViewController.swift; sourceTree = "<group>"; };
		1837A9871D7FC062000ED091 /* Base */ = {isa = PBXFileReference; lastKnownFileType = file.storyboard; name = Base; path = Base.lproj/Main.storyboard; sourceTree = "<group>"; };
		1837A9891D7FC062000ED091 /* Assets.xcassets */ = {isa = PBXFileReference; lastKnownFileType = folder.assetcatalog; path = Assets.xcassets; sourceTree = "<group>"; };
		1837A98B1D7FC062000ED091 /* Info.plist */ = {isa = PBXFileReference; lastKnownFileType = text.plist.xml; path = Info.plist; sourceTree = "<group>"; };
		1837A9911D7FC28C000ED091 /* Data.swift */ = {isa = PBXFileReference; fileEncoding = 4; lastKnownFileType = sourcecode.swift; path = Data.swift; sourceTree = "<group>"; };
		1837A9931D7FC330000ED091 /* API.swift */ = {isa = PBXFileReference; fileEncoding = 4; lastKnownFileType = sourcecode.swift; path = API.swift; sourceTree = "<group>"; };
		188025D42003EA2200F621FE /* RoutePolyline.swift */ = {isa = PBXFileReference; lastKnownFileType = sourcecode.swift; path = RoutePolyline.swift; sourceTree = "<group>"; };
		75FE7C4D88DA3B367C94CFE1 /* Pods_status_board.framework */ = {isa = PBXFileReference; explicitFileType = wrapper.framework; includeInIndex = 0; path = Pods_status_board.framework; sourceTree = BUILT_PRODUCTS_DIR; };
		D339B6B0DA03295943280380 /* Pods-status-board.release.xcconfig */ = {isa = PBXFileReference; includeInIndex = 1; lastKnownFileType = text.xcconfig; name = "Pods-status-board.release.xcconfig"; path = "Pods/Target Support Files/Pods-status-board/Pods-status-board.release.xcconfig"; sourceTree = "<group>"; };
		DEFBBD637EA586C170FECE24 /* Pods-status-board.debug.xcconfig */ = {isa = PBXFileReference; includeInIndex = 1; lastKnownFileType = text.xcconfig; name = "Pods-status-board.debug.xcconfig"; path = "Pods/Target Support Files/Pods-status-board/Pods-status-board.debug.xcconfig"; sourceTree = "<group>"; };
/* End PBXFileReference section */

/* Begin PBXFrameworksBuildPhase section */
		1837A97C1D7FC062000ED091 /* Frameworks */ = {
			isa = PBXFrameworksBuildPhase;
			buildActionMask = 2147483647;
			files = (
				31A30D2E460AAA585A719955 /* Pods_status_board.framework in Frameworks */,
			);
			runOnlyForDeploymentPostprocessing = 0;
		};
/* End PBXFrameworksBuildPhase section */

/* Begin PBXGroup section */
		180A8DFE1D8C73AC0023DEF7 /* Model */ = {
			isa = PBXGroup;
			children = (
				182CAC362259213E00A2FC31 /* Data */,
				180A8DFC1D8C73A50023DEF7 /* Route.swift */,
				180EF5352000159E0008DE30 /* MaxRouteLine.swift */,
				180A8E011D8CB2890023DEF7 /* WatchedDestination.swift */,
				180A8DFF1D8C75D30023DEF7 /* Stop.swift */,
				180A8E0D1D8DC3480023DEF7 /* Vehicle.swift */,
			);
			name = Model;
			sourceTree = "<group>";
		};
		180A8E031D8CB4770023DEF7 /* Controller */ = {
			isa = PBXGroup;
			children = (
				180A8E0F1D8DCD1C0023DEF7 /* RootViewController.swift */,
				180A8E111D8DCE6F0023DEF7 /* TrimetMapViewController.swift */,
				188025D42003EA2200F621FE /* RoutePolyline.swift */,
				1837A9841D7FC062000ED091 /* TrimetViewController.swift */,
				180A8E041D8CB8AC0023DEF7 /* ManageDestinationsViewController.swift */,
				180A8E061D8CBFC60023DEF7 /* ManageDestinationsDetailViewController.swift */,
			);
			name = Controller;
			sourceTree = "<group>";
		};
		180A8E0A1D8CD24B0023DEF7 /* View */ = {
			isa = PBXGroup;
			children = (
				180A8E1B1D8DEF4C0023DEF7 /* Style.swift */,
				180A8E161D8DD5720023DEF7 /* VehicleAnnotation.swift */,
				180A8E081D8CD2460023DEF7 /* TrimetDestinationCell.swift */,
				181E25221D8F22D6005A938A /* DestinationDecorationView.swift */,
				181E25241D8F2349005A938A /* DestinationLayout.swift */,
			);
			name = View;
			sourceTree = "<group>";
		};
		180A8E131D8DCFDA0023DEF7 /* Services */ = {
			isa = PBXGroup;
			children = (
				1837A9911D7FC28C000ED091 /* Data.swift */,
				1837A9931D7FC330000ED091 /* API.swift */,
				180A8E141D8DCFE50023DEF7 /* Location.swift */,
			);
			name = Services;
			sourceTree = "<group>";
		};
		180A8E1A1D8DE3A80023DEF7 /* Extensions */ = {
			isa = PBXGroup;
			children = (
				180A8E181D8DE3A40023DEF7 /* CGFloat+Trig.swift */,
			);
			name = Extensions;
			sourceTree = "<group>";
		};
		181E252E1D8F2C1C005A938A /* Supporting Files */ = {
			isa = PBXGroup;
			children = (
				181E252F1D8F2C28005A938A /* Fonts */,
			);
			name = "Supporting Files";
			sourceTree = "<group>";
		};
		181E252F1D8F2C28005A938A /* Fonts */ = {
			isa = PBXGroup;
			children = (
				181E25261D8F2C0E005A938A /* Overpass-Bold-Italic.ttf */,
				181E25271D8F2C0E005A938A /* Overpass-Bold.ttf */,
				181E25281D8F2C0E005A938A /* Overpass-ExtraLight Italic.ttf */,
				181E25291D8F2C0E005A938A /* Overpass-ExtraLight.ttf */,
				181E252A1D8F2C0E005A938A /* Overpass-Light-Italic.ttf */,
				181E252B1D8F2C0E005A938A /* Overpass-Light.ttf */,
				181E252C1D8F2C0E005A938A /* Overpass-Regular-Italic.ttf */,
				181E252D1D8F2C0E005A938A /* Overpass-Regular.ttf */,
			);
			name = Fonts;
			sourceTree = "<group>";
		};
		182CAC362259213E00A2FC31 /* Data */ = {
			isa = PBXGroup;
			children = (
				182CAC342259213300A2FC31 /* tm_rail_lines.kml */,
			);
			name = Data;
			sourceTree = "<group>";
		};
		1837A9761D7FC062000ED091 = {
			isa = PBXGroup;
			children = (
				1837A9811D7FC062000ED091 /* status-board */,
				1837A9801D7FC062000ED091 /* Products */,
				1DFFD04369DBBD77C6877122 /* Pods */,
				8A05311F845D6C5A13C6D34D /* Frameworks */,
			);
			sourceTree = "<group>";
		};
		1837A9801D7FC062000ED091 /* Products */ = {
			isa = PBXGroup;
			children = (
				1837A97F1D7FC062000ED091 /* status-board.app */,
			);
			name = Products;
			sourceTree = "<group>";
		};
		1837A9811D7FC062000ED091 /* status-board */ = {
			isa = PBXGroup;
			children = (
				1837A9821D7FC062000ED091 /* AppDelegate.swift */,
				180A8E131D8DCFDA0023DEF7 /* Services */,
				180A8E0A1D8CD24B0023DEF7 /* View */,
				180A8E031D8CB4770023DEF7 /* Controller */,
				180A8DFE1D8C73AC0023DEF7 /* Model */,
				180A8E1A1D8DE3A80023DEF7 /* Extensions */,
				1837A9861D7FC062000ED091 /* Main.storyboard */,
				181E252E1D8F2C1C005A938A /* Supporting Files */,
				1837A9891D7FC062000ED091 /* Assets.xcassets */,
				1837A98B1D7FC062000ED091 /* Info.plist */,
			);
			path = "status-board";
			sourceTree = "<group>";
		};
		1DFFD04369DBBD77C6877122 /* Pods */ = {
			isa = PBXGroup;
			children = (
				DEFBBD637EA586C170FECE24 /* Pods-status-board.debug.xcconfig */,
				D339B6B0DA03295943280380 /* Pods-status-board.release.xcconfig */,
			);
			name = Pods;
			sourceTree = "<group>";
		};
		8A05311F845D6C5A13C6D34D /* Frameworks */ = {
			isa = PBXGroup;
			children = (
				75FE7C4D88DA3B367C94CFE1 /* Pods_status_board.framework */,
			);
			name = Frameworks;
			sourceTree = "<group>";
		};
/* End PBXGroup section */

/* Begin PBXNativeTarget section */
		1837A97E1D7FC062000ED091 /* status-board */ = {
			isa = PBXNativeTarget;
			buildConfigurationList = 1837A98E1D7FC062000ED091 /* Build configuration list for PBXNativeTarget "status-board" */;
			buildPhases = (
				1B302EAEBC31D1F33A2F135F /* [CP] Check Pods Manifest.lock */,
				1837A97B1D7FC062000ED091 /* Sources */,
				1837A97C1D7FC062000ED091 /* Frameworks */,
				1837A97D1D7FC062000ED091 /* Resources */,
				5C54CD6D92C7BB0A4ADBC6C5 /* [CP] Embed Pods Frameworks */,
				67E4E91AB89EBD61C57BFB81 /* [CP] Copy Pods Resources */,
			);
			buildRules = (
			);
			dependencies = (
			);
			name = "status-board";
			productName = "status-board";
			productReference = 1837A97F1D7FC062000ED091 /* status-board.app */;
			productType = "com.apple.product-type.application";
		};
/* End PBXNativeTarget section */

/* Begin PBXProject section */
		1837A9771D7FC062000ED091 /* Project object */ = {
			isa = PBXProject;
			attributes = {
				LastSwiftUpdateCheck = 0730;
				LastUpgradeCheck = 0920;
				ORGANIZATIONNAME = Untold;
				TargetAttributes = {
					1837A97E1D7FC062000ED091 = {
						CreatedOnToolsVersion = 7.3.1;
						DevelopmentTeam = 53ATSGPDNR;
						LastSwiftMigration = 0920;
					};
				};
			};
			buildConfigurationList = 1837A97A1D7FC062000ED091 /* Build configuration list for PBXProject "status-board" */;
			compatibilityVersion = "Xcode 8.0";
			developmentRegion = English;
			hasScannedForEncodings = 0;
			knownRegions = (
				en,
				Base,
			);
			mainGroup = 1837A9761D7FC062000ED091;
			productRefGroup = 1837A9801D7FC062000ED091 /* Products */;
			projectDirPath = "";
			projectRoot = "";
			targets = (
				1837A97E1D7FC062000ED091 /* status-board */,
			);
		};
/* End PBXProject section */

/* Begin PBXResourcesBuildPhase section */
		1837A97D1D7FC062000ED091 /* Resources */ = {
			isa = PBXResourcesBuildPhase;
			buildActionMask = 2147483647;
			files = (
				181E25301D8F3653005A938A /* Overpass-Bold-Italic.ttf in Resources */,
				181E25311D8F3653005A938A /* Overpass-Bold.ttf in Resources */,
				181E25321D8F3653005A938A /* Overpass-ExtraLight Italic.ttf in Resources */,
				181E25331D8F3653005A938A /* Overpass-ExtraLight.ttf in Resources */,
				181E25341D8F3653005A938A /* Overpass-Light-Italic.ttf in Resources */,
				182CAC352259213300A2FC31 /* tm_rail_lines.kml in Resources */,
				181E25351D8F3653005A938A /* Overpass-Light.ttf in Resources */,
				181E25361D8F3653005A938A /* Overpass-Regular-Italic.ttf in Resources */,
				181E25371D8F3653005A938A /* Overpass-Regular.ttf in Resources */,
				1837A98A1D7FC062000ED091 /* Assets.xcassets in Resources */,
				1837A9881D7FC062000ED091 /* Main.storyboard in Resources */,
			);
			runOnlyForDeploymentPostprocessing = 0;
		};
/* End PBXResourcesBuildPhase section */

/* Begin PBXShellScriptBuildPhase section */
		1B302EAEBC31D1F33A2F135F /* [CP] Check Pods Manifest.lock */ = {
			isa = PBXShellScriptBuildPhase;
			buildActionMask = 2147483647;
			files = (
			);
			inputPaths = (
			);
			name = "[CP] Check Pods Manifest.lock";
			outputPaths = (
			);
			runOnlyForDeploymentPostprocessing = 0;
			shellPath = /bin/sh;
			shellScript = "diff \"${PODS_ROOT}/../Podfile.lock\" \"${PODS_ROOT}/Manifest.lock\" > /dev/null\nif [[ $? != 0 ]] ; then\n    cat << EOM\nerror: The sandbox is not in sync with the Podfile.lock. Run 'pod install' or update your CocoaPods installation.\nEOM\n    exit 1\nfi\n";
			showEnvVarsInLog = 0;
		};
		5C54CD6D92C7BB0A4ADBC6C5 /* [CP] Embed Pods Frameworks */ = {
			isa = PBXShellScriptBuildPhase;
			buildActionMask = 2147483647;
			files = (
			);
			inputPaths = (
			);
			name = "[CP] Embed Pods Frameworks";
			outputPaths = (
			);
			runOnlyForDeploymentPostprocessing = 0;
			shellPath = /bin/sh;
			shellScript = "\"${SRCROOT}/Pods/Target Support Files/Pods-status-board/Pods-status-board-frameworks.sh\"\n";
			showEnvVarsInLog = 0;
		};
		67E4E91AB89EBD61C57BFB81 /* [CP] Copy Pods Resources */ = {
			isa = PBXShellScriptBuildPhase;
			buildActionMask = 2147483647;
			files = (
			);
			inputPaths = (
			);
			name = "[CP] Copy Pods Resources";
			outputPaths = (
			);
			runOnlyForDeploymentPostprocessing = 0;
			shellPath = /bin/sh;
			shellScript = "\"${SRCROOT}/Pods/Target Support Files/Pods-status-board/Pods-status-board-resources.sh\"\n";
			showEnvVarsInLog = 0;
		};
/* End PBXShellScriptBuildPhase section */

/* Begin PBXSourcesBuildPhase section */
		1837A97B1D7FC062000ED091 /* Sources */ = {
			isa = PBXSourcesBuildPhase;
			buildActionMask = 2147483647;
			files = (
				1837A9851D7FC062000ED091 /* TrimetViewController.swift in Sources */,
				1837A9921D7FC28C000ED091 /* Data.swift in Sources */,
				180A8E101D8DCD1C0023DEF7 /* RootViewController.swift in Sources */,
				1837A9941D7FC331000ED091 /* API.swift in Sources */,
				180A8DFD1D8C73A50023DEF7 /* Route.swift in Sources */,
				1837A9831D7FC062000ED091 /* AppDelegate.swift in Sources */,
				180A8E151D8DCFE50023DEF7 /* Location.swift in Sources */,
				180A8E121D8DCE6F0023DEF7 /* TrimetMapViewController.swift in Sources */,
				180A8E071D8CBFC60023DEF7 /* ManageDestinationsDetailViewController.swift in Sources */,
				180A8E171D8DD5720023DEF7 /* VehicleAnnotation.swift in Sources */,
				180A8E001D8C75D30023DEF7 /* Stop.swift in Sources */,
				181E25231D8F22D6005A938A /* DestinationDecorationView.swift in Sources */,
				180A8E051D8CB8AC0023DEF7 /* ManageDestinationsViewController.swift in Sources */,
				180A8E0E1D8DC3480023DEF7 /* Vehicle.swift in Sources */,
				181E25251D8F2349005A938A /* DestinationLayout.swift in Sources */,
				180A8E021D8CB2890023DEF7 /* WatchedDestination.swift in Sources */,
				180A8E1C1D8DEF4C0023DEF7 /* Style.swift in Sources */,
				180EF5362000159E0008DE30 /* MaxRouteLine.swift in Sources */,
				188025D52003EA2200F621FE /* RoutePolyline.swift in Sources */,
				180A8E191D8DE3A40023DEF7 /* CGFloat+Trig.swift in Sources */,
				180A8E091D8CD2460023DEF7 /* TrimetDestinationCell.swift in Sources */,
			);
			runOnlyForDeploymentPostprocessing = 0;
		};
/* End PBXSourcesBuildPhase section */

/* Begin PBXVariantGroup section */
		1837A9861D7FC062000ED091 /* Main.storyboard */ = {
			isa = PBXVariantGroup;
			children = (
				1837A9871D7FC062000ED091 /* Base */,
			);
			name = Main.storyboard;
			sourceTree = "<group>";
		};
/* End PBXVariantGroup section */

/* Begin XCBuildConfiguration section */
		1837A98C1D7FC062000ED091 /* Debug */ = {
			isa = XCBuildConfiguration;
			buildSettings = {
				ALWAYS_SEARCH_USER_PATHS = NO;
				CLANG_ANALYZER_NONNULL = YES;
				CLANG_CXX_LANGUAGE_STANDARD = "gnu++0x";
				CLANG_CXX_LIBRARY = "libc++";
				CLANG_ENABLE_MODULES = YES;
				CLANG_ENABLE_OBJC_ARC = YES;
				CLANG_WARN_BLOCK_CAPTURE_AUTORELEASING = YES;
				CLANG_WARN_BOOL_CONVERSION = YES;
				CLANG_WARN_COMMA = YES;
				CLANG_WARN_CONSTANT_CONVERSION = YES;
				CLANG_WARN_DIRECT_OBJC_ISA_USAGE = YES_ERROR;
				CLANG_WARN_EMPTY_BODY = YES;
				CLANG_WARN_ENUM_CONVERSION = YES;
				CLANG_WARN_INFINITE_RECURSION = YES;
				CLANG_WARN_INT_CONVERSION = YES;
				CLANG_WARN_NON_LITERAL_NULL_CONVERSION = YES;
				CLANG_WARN_OBJC_LITERAL_CONVERSION = YES;
				CLANG_WARN_OBJC_ROOT_CLASS = YES_ERROR;
				CLANG_WARN_RANGE_LOOP_ANALYSIS = YES;
				CLANG_WARN_STRICT_PROTOTYPES = YES;
				CLANG_WARN_SUSPICIOUS_MOVE = YES;
				CLANG_WARN_UNREACHABLE_CODE = YES;
				CLANG_WARN__DUPLICATE_METHOD_MATCH = YES;
				COPY_PHASE_STRIP = NO;
				DEBUG_INFORMATION_FORMAT = dwarf;
				ENABLE_STRICT_OBJC_MSGSEND = YES;
				ENABLE_TESTABILITY = YES;
				GCC_C_LANGUAGE_STANDARD = gnu99;
				GCC_DYNAMIC_NO_PIC = NO;
				GCC_NO_COMMON_BLOCKS = YES;
				GCC_OPTIMIZATION_LEVEL = 0;
				GCC_PREPROCESSOR_DEFINITIONS = (
					"DEBUG=1",
					"$(inherited)",
				);
				GCC_WARN_64_TO_32_BIT_CONVERSION = YES;
				GCC_WARN_ABOUT_RETURN_TYPE = YES_ERROR;
				GCC_WARN_UNDECLARED_SELECTOR = YES;
				GCC_WARN_UNINITIALIZED_AUTOS = YES_AGGRESSIVE;
				GCC_WARN_UNUSED_FUNCTION = YES;
				GCC_WARN_UNUSED_VARIABLE = YES;
				MTL_ENABLE_DEBUG_INFO = YES;
				ONLY_ACTIVE_ARCH = YES;
				SDKROOT = appletvos;
				SWIFT_OPTIMIZATION_LEVEL = "-Onone";
				TARGETED_DEVICE_FAMILY = 3;
				TVOS_DEPLOYMENT_TARGET = 11.2;
			};
			name = Debug;
		};
		1837A98D1D7FC062000ED091 /* Release */ = {
			isa = XCBuildConfiguration;
			buildSettings = {
				ALWAYS_SEARCH_USER_PATHS = NO;
				CLANG_ANALYZER_NONNULL = YES;
				CLANG_CXX_LANGUAGE_STANDARD = "gnu++0x";
				CLANG_CXX_LIBRARY = "libc++";
				CLANG_ENABLE_MODULES = YES;
				CLANG_ENABLE_OBJC_ARC = YES;
				CLANG_WARN_BLOCK_CAPTURE_AUTORELEASING = YES;
				CLANG_WARN_BOOL_CONVERSION = YES;
				CLANG_WARN_COMMA = YES;
				CLANG_WARN_CONSTANT_CONVERSION = YES;
				CLANG_WARN_DIRECT_OBJC_ISA_USAGE = YES_ERROR;
				CLANG_WARN_EMPTY_BODY = YES;
				CLANG_WARN_ENUM_CONVERSION = YES;
				CLANG_WARN_INFINITE_RECURSION = YES;
				CLANG_WARN_INT_CONVERSION = YES;
				CLANG_WARN_NON_LITERAL_NULL_CONVERSION = YES;
				CLANG_WARN_OBJC_LITERAL_CONVERSION = YES;
				CLANG_WARN_OBJC_ROOT_CLASS = YES_ERROR;
				CLANG_WARN_RANGE_LOOP_ANALYSIS = YES;
				CLANG_WARN_STRICT_PROTOTYPES = YES;
				CLANG_WARN_SUSPICIOUS_MOVE = YES;
				CLANG_WARN_UNREACHABLE_CODE = YES;
				CLANG_WARN__DUPLICATE_METHOD_MATCH = YES;
				COPY_PHASE_STRIP = NO;
				DEBUG_INFORMATION_FORMAT = "dwarf-with-dsym";
				ENABLE_NS_ASSERTIONS = NO;
				ENABLE_STRICT_OBJC_MSGSEND = YES;
				GCC_C_LANGUAGE_STANDARD = gnu99;
				GCC_NO_COMMON_BLOCKS = YES;
				GCC_WARN_64_TO_32_BIT_CONVERSION = YES;
				GCC_WARN_ABOUT_RETURN_TYPE = YES_ERROR;
				GCC_WARN_UNDECLARED_SELECTOR = YES;
				GCC_WARN_UNINITIALIZED_AUTOS = YES_AGGRESSIVE;
				GCC_WARN_UNUSED_FUNCTION = YES;
				GCC_WARN_UNUSED_VARIABLE = YES;
				MTL_ENABLE_DEBUG_INFO = NO;
				SDKROOT = appletvos;
				SWIFT_OPTIMIZATION_LEVEL = "-Owholemodule";
				TARGETED_DEVICE_FAMILY = 3;
				TVOS_DEPLOYMENT_TARGET = 11.2;
				VALIDATE_PRODUCT = YES;
			};
			name = Release;
		};
		1837A98F1D7FC062000ED091 /* Debug */ = {
			isa = XCBuildConfiguration;
			baseConfigurationReference = DEFBBD637EA586C170FECE24 /* Pods-status-board.debug.xcconfig */;
			buildSettings = {
				ALWAYS_EMBED_SWIFT_STANDARD_LIBRARIES = YES;
				ASSETCATALOG_COMPILER_APPICON_NAME = "App Icon & Top Shelf Image";
				ASSETCATALOG_COMPILER_LAUNCHIMAGE_NAME = LaunchImage;
				DEVELOPMENT_TEAM = 53ATSGPDNR;
				INFOPLIST_FILE = "status-board/Info.plist";
				LD_RUNPATH_SEARCH_PATHS = "$(inherited) @executable_path/Frameworks";
				PRODUCT_BUNDLE_IDENTIFIER = "com.untold.status-board";
				PRODUCT_NAME = "$(TARGET_NAME)";
				SWIFT_SWIFT3_OBJC_INFERENCE = Default;
				SWIFT_VERSION = 4.0;
				TVOS_DEPLOYMENT_TARGET = 11.2;
			};
			name = Debug;
		};
		1837A9901D7FC062000ED091 /* Release */ = {
			isa = XCBuildConfiguration;
			baseConfigurationReference = D339B6B0DA03295943280380 /* Pods-status-board.release.xcconfig */;
			buildSettings = {
				ALWAYS_EMBED_SWIFT_STANDARD_LIBRARIES = YES;
				ASSETCATALOG_COMPILER_APPICON_NAME = "App Icon & Top Shelf Image";
				ASSETCATALOG_COMPILER_LAUNCHIMAGE_NAME = LaunchImage;
				DEVELOPMENT_TEAM = 53ATSGPDNR;
				INFOPLIST_FILE = "status-board/Info.plist";
				LD_RUNPATH_SEARCH_PATHS = "$(inherited) @executable_path/Frameworks";
				PRODUCT_BUNDLE_IDENTIFIER = "com.untold.status-board";
				PRODUCT_NAME = "$(TARGET_NAME)";
				SWIFT_SWIFT3_OBJC_INFERENCE = Default;
				SWIFT_VERSION = 4.0;
				TVOS_DEPLOYMENT_TARGET = 11.2;
			};
			name = Release;
		};
/* End XCBuildConfiguration section */

/* Begin XCConfigurationList section */
		1837A97A1D7FC062000ED091 /* Build configuration list for PBXProject "status-board" */ = {
			isa = XCConfigurationList;
			buildConfigurations = (
				1837A98C1D7FC062000ED091 /* Debug */,
				1837A98D1D7FC062000ED091 /* Release */,
			);
			defaultConfigurationIsVisible = 0;
			defaultConfigurationName = Release;
		};
		1837A98E1D7FC062000ED091 /* Build configuration list for PBXNativeTarget "status-board" */ = {
			isa = XCConfigurationList;
			buildConfigurations = (
				1837A98F1D7FC062000ED091 /* Debug */,
				1837A9901D7FC062000ED091 /* Release */,
			);
			defaultConfigurationIsVisible = 0;
			defaultConfigurationName = Release;
		};
/* End XCConfigurationList section */
	};
	rootObject = 1837A9771D7FC062000ED091 /* Project object */;
}
