// !$*UTF8*$!
{
	archiveVersion = 1;
	classes = {
	};
	objectVersion = 46;
	objects = {

/* Begin PBXBuildFile section */
		180A8DFD1D8C73A50023DEF7 /* Route.swift in Sources */ = {isa = PBXBuildFile; fileRef = 180A8DFC1D8C73A50023DEF7 /* Route.swift */; };
		180A8E001D8C75D30023DEF7 /* Stop.swift in Sources */ = {isa = PBXBuildFile; fileRef = 180A8DFF1D8C75D30023DEF7 /* Stop.swift */; };
		180A8E021D8CB2890023DEF7 /* WatchedDestination.swift in Sources */ = {isa = PBXBuildFile; fileRef = 180A8E011D8CB2890023DEF7 /* WatchedDestination.swift */; };
		180A8E051D8CB8AC0023DEF7 /* ManageDestinationsViewController.swift in Sources */ = {isa = PBXBuildFile; fileRef = 180A8E041D8CB8AC0023DEF7 /* ManageDestinationsViewController.swift */; };
		180A8E071D8CBFC60023DEF7 /* ManageDestinationsDetailViewController.swift in Sources */ = {isa = PBXBuildFile; fileRef = 180A8E061D8CBFC60023DEF7 /* ManageDestinationsDetailViewController.swift */; };
		180A8E091D8CD2460023DEF7 /* TrimetDestinationCell.swift in Sources */ = {isa = PBXBuildFile; fileRef = 180A8E081D8CD2460023DEF7 /* TrimetDestinationCell.swift */; };
		180A8E0E1D8DC3480023DEF7 /* Vehicle.swift in Sources */ = {isa = PBXBuildFile; fileRef = 180A8E0D1D8DC3480023DEF7 /* Vehicle.swift */; };
		1837A9831D7FC062000ED091 /* AppDelegate.swift in Sources */ = {isa = PBXBuildFile; fileRef = 1837A9821D7FC062000ED091 /* AppDelegate.swift */; };
		1837A9851D7FC062000ED091 /* TrimetViewController.swift in Sources */ = {isa = PBXBuildFile; fileRef = 1837A9841D7FC062000ED091 /* TrimetViewController.swift */; };
		1837A9881D7FC062000ED091 /* Main.storyboard in Resources */ = {isa = PBXBuildFile; fileRef = 1837A9861D7FC062000ED091 /* Main.storyboard */; };
		1837A98A1D7FC062000ED091 /* Assets.xcassets in Resources */ = {isa = PBXBuildFile; fileRef = 1837A9891D7FC062000ED091 /* Assets.xcassets */; };
		1837A9921D7FC28C000ED091 /* Data.swift in Sources */ = {isa = PBXBuildFile; fileRef = 1837A9911D7FC28C000ED091 /* Data.swift */; };
		1837A9941D7FC331000ED091 /* API.swift in Sources */ = {isa = PBXBuildFile; fileRef = 1837A9931D7FC330000ED091 /* API.swift */; };
		20280155C6E5FB99AC09C786 /* Pods_status_board.framework in Frameworks */ = {isa = PBXBuildFile; fileRef = 8ACD45E78B74B38F513D6DF1 /* Pods_status_board.framework */; };
/* End PBXBuildFile section */

/* Begin PBXFileReference section */
		180A8DFC1D8C73A50023DEF7 /* Route.swift */ = {isa = PBXFileReference; fileEncoding = 4; lastKnownFileType = sourcecode.swift; path = Route.swift; sourceTree = "<group>"; };
		180A8DFF1D8C75D30023DEF7 /* Stop.swift */ = {isa = PBXFileReference; fileEncoding = 4; lastKnownFileType = sourcecode.swift; path = Stop.swift; sourceTree = "<group>"; };
		180A8E011D8CB2890023DEF7 /* WatchedDestination.swift */ = {isa = PBXFileReference; fileEncoding = 4; lastKnownFileType = sourcecode.swift; path = WatchedDestination.swift; sourceTree = "<group>"; };
		180A8E041D8CB8AC0023DEF7 /* ManageDestinationsViewController.swift */ = {isa = PBXFileReference; fileEncoding = 4; lastKnownFileType = sourcecode.swift; path = ManageDestinationsViewController.swift; sourceTree = "<group>"; };
		180A8E061D8CBFC60023DEF7 /* ManageDestinationsDetailViewController.swift */ = {isa = PBXFileReference; fileEncoding = 4; lastKnownFileType = sourcecode.swift; path = ManageDestinationsDetailViewController.swift; sourceTree = "<group>"; };
		180A8E081D8CD2460023DEF7 /* TrimetDestinationCell.swift */ = {isa = PBXFileReference; fileEncoding = 4; lastKnownFileType = sourcecode.swift; path = TrimetDestinationCell.swift; sourceTree = "<group>"; };
		180A8E0D1D8DC3480023DEF7 /* Vehicle.swift */ = {isa = PBXFileReference; fileEncoding = 4; lastKnownFileType = sourcecode.swift; path = Vehicle.swift; sourceTree = "<group>"; };
		1837A97F1D7FC062000ED091 /* status-board.app */ = {isa = PBXFileReference; explicitFileType = wrapper.application; includeInIndex = 0; path = "status-board.app"; sourceTree = BUILT_PRODUCTS_DIR; };
		1837A9821D7FC062000ED091 /* AppDelegate.swift */ = {isa = PBXFileReference; lastKnownFileType = sourcecode.swift; path = AppDelegate.swift; sourceTree = "<group>"; };
		1837A9841D7FC062000ED091 /* TrimetViewController.swift */ = {isa = PBXFileReference; lastKnownFileType = sourcecode.swift; path = TrimetViewController.swift; sourceTree = "<group>"; };
		1837A9871D7FC062000ED091 /* Base */ = {isa = PBXFileReference; lastKnownFileType = file.storyboard; name = Base; path = Base.lproj/Main.storyboard; sourceTree = "<group>"; };
		1837A9891D7FC062000ED091 /* Assets.xcassets */ = {isa = PBXFileReference; lastKnownFileType = folder.assetcatalog; path = Assets.xcassets; sourceTree = "<group>"; };
		1837A98B1D7FC062000ED091 /* Info.plist */ = {isa = PBXFileReference; lastKnownFileType = text.plist.xml; path = Info.plist; sourceTree = "<group>"; };
		1837A9911D7FC28C000ED091 /* Data.swift */ = {isa = PBXFileReference; fileEncoding = 4; lastKnownFileType = sourcecode.swift; path = Data.swift; sourceTree = "<group>"; };
		1837A9931D7FC330000ED091 /* API.swift */ = {isa = PBXFileReference; fileEncoding = 4; lastKnownFileType = sourcecode.swift; path = API.swift; sourceTree = "<group>"; };
		8ACD45E78B74B38F513D6DF1 /* Pods_status_board.framework */ = {isa = PBXFileReference; explicitFileType = wrapper.framework; includeInIndex = 0; path = Pods_status_board.framework; sourceTree = BUILT_PRODUCTS_DIR; };
		A136CCB00FA25D75E9C4183B /* Pods-status-board.release.xcconfig */ = {isa = PBXFileReference; includeInIndex = 1; lastKnownFileType = text.xcconfig; name = "Pods-status-board.release.xcconfig"; path = "Pods/Target Support Files/Pods-status-board/Pods-status-board.release.xcconfig"; sourceTree = "<group>"; };
		BA58114257CB0CAB8080641E /* Pods-status-board.debug.xcconfig */ = {isa = PBXFileReference; includeInIndex = 1; lastKnownFileType = text.xcconfig; name = "Pods-status-board.debug.xcconfig"; path = "Pods/Target Support Files/Pods-status-board/Pods-status-board.debug.xcconfig"; sourceTree = "<group>"; };
/* End PBXFileReference section */

/* Begin PBXFrameworksBuildPhase section */
		1837A97C1D7FC062000ED091 /* Frameworks */ = {
			isa = PBXFrameworksBuildPhase;
			buildActionMask = 2147483647;
			files = (
				20280155C6E5FB99AC09C786 /* Pods_status_board.framework in Frameworks */,
			);
			runOnlyForDeploymentPostprocessing = 0;
		};
/* End PBXFrameworksBuildPhase section */

/* Begin PBXGroup section */
		180A8DFE1D8C73AC0023DEF7 /* Model */ = {
			isa = PBXGroup;
			children = (
				180A8DFC1D8C73A50023DEF7 /* Route.swift */,
				180A8E011D8CB2890023DEF7 /* WatchedDestination.swift */,
				180A8DFF1D8C75D30023DEF7 /* Stop.swift */,
				180A8E0D1D8DC3480023DEF7 /* Vehicle.swift */,
			);
			name = Model;
			sourceTree = "<group>";
		};
		180A8E031D8CB4770023DEF7 /* Controller */ = {
			isa = PBXGroup;
			children = (
				1837A9841D7FC062000ED091 /* TrimetViewController.swift */,
				180A8E041D8CB8AC0023DEF7 /* ManageDestinationsViewController.swift */,
				180A8E061D8CBFC60023DEF7 /* ManageDestinationsDetailViewController.swift */,
			);
			name = Controller;
			sourceTree = "<group>";
		};
		180A8E0A1D8CD24B0023DEF7 /* View */ = {
			isa = PBXGroup;
			children = (
				180A8E081D8CD2460023DEF7 /* TrimetDestinationCell.swift */,
			);
			name = View;
			sourceTree = "<group>";
		};
		1837A9761D7FC062000ED091 = {
			isa = PBXGroup;
			children = (
				1837A9811D7FC062000ED091 /* status-board */,
				1837A9801D7FC062000ED091 /* Products */,
				C10AB7EEAF467EAF6E4D9A31 /* Pods */,
				A31FD8FBEAD61D4B7A338BE9 /* Frameworks */,
			);
			sourceTree = "<group>";
		};
		1837A9801D7FC062000ED091 /* Products */ = {
			isa = PBXGroup;
			children = (
				1837A97F1D7FC062000ED091 /* status-board.app */,
			);
			name = Products;
			sourceTree = "<group>";
		};
		1837A9811D7FC062000ED091 /* status-board */ = {
			isa = PBXGroup;
			children = (
				1837A9821D7FC062000ED091 /* AppDelegate.swift */,
				1837A9911D7FC28C000ED091 /* Data.swift */,
				1837A9931D7FC330000ED091 /* API.swift */,
				180A8E0A1D8CD24B0023DEF7 /* View */,
				180A8E031D8CB4770023DEF7 /* Controller */,
				180A8DFE1D8C73AC0023DEF7 /* Model */,
				1837A9861D7FC062000ED091 /* Main.storyboard */,
				1837A9891D7FC062000ED091 /* Assets.xcassets */,
				1837A98B1D7FC062000ED091 /* Info.plist */,
			);
			path = "status-board";
			sourceTree = "<group>";
		};
		A31FD8FBEAD61D4B7A338BE9 /* Frameworks */ = {
			isa = PBXGroup;
			children = (
				8ACD45E78B74B38F513D6DF1 /* Pods_status_board.framework */,
			);
			name = Frameworks;
			sourceTree = "<group>";
		};
		C10AB7EEAF467EAF6E4D9A31 /* Pods */ = {
			isa = PBXGroup;
			children = (
				BA58114257CB0CAB8080641E /* Pods-status-board.debug.xcconfig */,
				A136CCB00FA25D75E9C4183B /* Pods-status-board.release.xcconfig */,
			);
			name = Pods;
			sourceTree = "<group>";
		};
/* End PBXGroup section */

/* Begin PBXNativeTarget section */
		1837A97E1D7FC062000ED091 /* status-board */ = {
			isa = PBXNativeTarget;
			buildConfigurationList = 1837A98E1D7FC062000ED091 /* Build configuration list for PBXNativeTarget "status-board" */;
			buildPhases = (
				3B5116AEEF4B8B7D59DC4A31 /* [CP] Check Pods Manifest.lock */,
				1837A97B1D7FC062000ED091 /* Sources */,
				1837A97C1D7FC062000ED091 /* Frameworks */,
				1837A97D1D7FC062000ED091 /* Resources */,
				097B53F5AA0886371080C0DB /* [CP] Embed Pods Frameworks */,
				3C94517DE857F72FF8A9A650 /* [CP] Copy Pods Resources */,
			);
			buildRules = (
			);
			dependencies = (
			);
			name = "status-board";
			productName = "status-board";
			productReference = 1837A97F1D7FC062000ED091 /* status-board.app */;
			productType = "com.apple.product-type.application";
		};
/* End PBXNativeTarget section */

/* Begin PBXProject section */
		1837A9771D7FC062000ED091 /* Project object */ = {
			isa = PBXProject;
			attributes = {
				LastSwiftUpdateCheck = 0730;
				LastUpgradeCheck = 0730;
				ORGANIZATIONNAME = Untold;
				TargetAttributes = {
					1837A97E1D7FC062000ED091 = {
						CreatedOnToolsVersion = 7.3.1;
					};
				};
			};
			buildConfigurationList = 1837A97A1D7FC062000ED091 /* Build configuration list for PBXProject "status-board" */;
			compatibilityVersion = "Xcode 3.2";
			developmentRegion = English;
			hasScannedForEncodings = 0;
			knownRegions = (
				en,
				Base,
			);
			mainGroup = 1837A9761D7FC062000ED091;
			productRefGroup = 1837A9801D7FC062000ED091 /* Products */;
			projectDirPath = "";
			projectRoot = "";
			targets = (
				1837A97E1D7FC062000ED091 /* status-board */,
			);
		};
/* End PBXProject section */

/* Begin PBXResourcesBuildPhase section */
		1837A97D1D7FC062000ED091 /* Resources */ = {
			isa = PBXResourcesBuildPhase;
			buildActionMask = 2147483647;
			files = (
				1837A98A1D7FC062000ED091 /* Assets.xcassets in Resources */,
				1837A9881D7FC062000ED091 /* Main.storyboard in Resources */,
			);
			runOnlyForDeploymentPostprocessing = 0;
		};
/* End PBXResourcesBuildPhase section */

/* Begin PBXShellScriptBuildPhase section */
		097B53F5AA0886371080C0DB /* [CP] Embed Pods Frameworks */ = {
			isa = PBXShellScriptBuildPhase;
			buildActionMask = 2147483647;
			files = (
			);
			inputPaths = (
			);
			name = "[CP] Embed Pods Frameworks";
			outputPaths = (
			);
			runOnlyForDeploymentPostprocessing = 0;
			shellPath = /bin/sh;
			shellScript = "\"${SRCROOT}/Pods/Target Support Files/Pods-status-board/Pods-status-board-frameworks.sh\"\n";
			showEnvVarsInLog = 0;
		};
		3B5116AEEF4B8B7D59DC4A31 /* [CP] Check Pods Manifest.lock */ = {
			isa = PBXShellScriptBuildPhase;
			buildActionMask = 2147483647;
			files = (
			);
			inputPaths = (
			);
			name = "[CP] Check Pods Manifest.lock";
			outputPaths = (
			);
			runOnlyForDeploymentPostprocessing = 0;
			shellPath = /bin/sh;
			shellScript = "diff \"${PODS_ROOT}/../Podfile.lock\" \"${PODS_ROOT}/Manifest.lock\" > /dev/null\nif [[ $? != 0 ]] ; then\n    cat << EOM\nerror: The sandbox is not in sync with the Podfile.lock. Run 'pod install' or update your CocoaPods installation.\nEOM\n    exit 1\nfi\n";
			showEnvVarsInLog = 0;
		};
		3C94517DE857F72FF8A9A650 /* [CP] Copy Pods Resources */ = {
			isa = PBXShellScriptBuildPhase;
			buildActionMask = 2147483647;
			files = (
			);
			inputPaths = (
			);
			name = "[CP] Copy Pods Resources";
			outputPaths = (
			);
			runOnlyForDeploymentPostprocessing = 0;
			shellPath = /bin/sh;
			shellScript = "\"${SRCROOT}/Pods/Target Support Files/Pods-status-board/Pods-status-board-resources.sh\"\n";
			showEnvVarsInLog = 0;
		};
/* End PBXShellScriptBuildPhase section */

/* Begin PBXSourcesBuildPhase section */
		1837A97B1D7FC062000ED091 /* Sources */ = {
			isa = PBXSourcesBuildPhase;
			buildActionMask = 2147483647;
			files = (
				1837A9851D7FC062000ED091 /* TrimetViewController.swift in Sources */,
				1837A9921D7FC28C000ED091 /* Data.swift in Sources */,
				1837A9941D7FC331000ED091 /* API.swift in Sources */,
				180A8DFD1D8C73A50023DEF7 /* Route.swift in Sources */,
				1837A9831D7FC062000ED091 /* AppDelegate.swift in Sources */,
				180A8E071D8CBFC60023DEF7 /* ManageDestinationsDetailViewController.swift in Sources */,
				180A8E001D8C75D30023DEF7 /* Stop.swift in Sources */,
				180A8E051D8CB8AC0023DEF7 /* ManageDestinationsViewController.swift in Sources */,
				180A8E0E1D8DC3480023DEF7 /* Vehicle.swift in Sources */,
				180A8E021D8CB2890023DEF7 /* WatchedDestination.swift in Sources */,
				180A8E091D8CD2460023DEF7 /* TrimetDestinationCell.swift in Sources */,
			);
			runOnlyForDeploymentPostprocessing = 0;
		};
/* End PBXSourcesBuildPhase section */

/* Begin PBXVariantGroup section */
		1837A9861D7FC062000ED091 /* Main.storyboard */ = {
			isa = PBXVariantGroup;
			children = (
				1837A9871D7FC062000ED091 /* Base */,
			);
			name = Main.storyboard;
			sourceTree = "<group>";
		};
/* End PBXVariantGroup section */

/* Begin XCBuildConfiguration section */
		1837A98C1D7FC062000ED091 /* Debug */ = {
			isa = XCBuildConfiguration;
			buildSettings = {
				ALWAYS_SEARCH_USER_PATHS = NO;
				CLANG_ANALYZER_NONNULL = YES;
				CLANG_CXX_LANGUAGE_STANDARD = "gnu++0x";
				CLANG_CXX_LIBRARY = "libc++";
				CLANG_ENABLE_MODULES = YES;
				CLANG_ENABLE_OBJC_ARC = YES;
				CLANG_WARN_BOOL_CONVERSION = YES;
				CLANG_WARN_CONSTANT_CONVERSION = YES;
				CLANG_WARN_DIRECT_OBJC_ISA_USAGE = YES_ERROR;
				CLANG_WARN_EMPTY_BODY = YES;
				CLANG_WARN_ENUM_CONVERSION = YES;
				CLANG_WARN_INT_CONVERSION = YES;
				CLANG_WARN_OBJC_ROOT_CLASS = YES_ERROR;
				CLANG_WARN_UNREACHABLE_CODE = YES;
				CLANG_WARN__DUPLICATE_METHOD_MATCH = YES;
				COPY_PHASE_STRIP = NO;
				DEBUG_INFORMATION_FORMAT = dwarf;
				ENABLE_STRICT_OBJC_MSGSEND = YES;
				ENABLE_TESTABILITY = YES;
				GCC_C_LANGUAGE_STANDARD = gnu99;
				GCC_DYNAMIC_NO_PIC = NO;
				GCC_NO_COMMON_BLOCKS = YES;
				GCC_OPTIMIZATION_LEVEL = 0;
				GCC_PREPROCESSOR_DEFINITIONS = (
					"DEBUG=1",
					"$(inherited)",
				);
				GCC_WARN_64_TO_32_BIT_CONVERSION = YES;
				GCC_WARN_ABOUT_RETURN_TYPE = YES_ERROR;
				GCC_WARN_UNDECLARED_SELECTOR = YES;
				GCC_WARN_UNINITIALIZED_AUTOS = YES_AGGRESSIVE;
				GCC_WARN_UNUSED_FUNCTION = YES;
				GCC_WARN_UNUSED_VARIABLE = YES;
				MTL_ENABLE_DEBUG_INFO = YES;
				ONLY_ACTIVE_ARCH = YES;
				SDKROOT = appletvos;
				SWIFT_OPTIMIZATION_LEVEL = "-Onone";
				TARGETED_DEVICE_FAMILY = 3;
				TVOS_DEPLOYMENT_TARGET = 9.2;
			};
			name = Debug;
		};
		1837A98D1D7FC062000ED091 /* Release */ = {
			isa = XCBuildConfiguration;
			buildSettings = {
				ALWAYS_SEARCH_USER_PATHS = NO;
				CLANG_ANALYZER_NONNULL = YES;
				CLANG_CXX_LANGUAGE_STANDARD = "gnu++0x";
				CLANG_CXX_LIBRARY = "libc++";
				CLANG_ENABLE_MODULES = YES;
				CLANG_ENABLE_OBJC_ARC = YES;
				CLANG_WARN_BOOL_CONVERSION = YES;
				CLANG_WARN_CONSTANT_CONVERSION = YES;
				CLANG_WARN_DIRECT_OBJC_ISA_USAGE = YES_ERROR;
				CLANG_WARN_EMPTY_BODY = YES;
				CLANG_WARN_ENUM_CONVERSION = YES;
				CLANG_WARN_INT_CONVERSION = YES;
				CLANG_WARN_OBJC_ROOT_CLASS = YES_ERROR;
				CLANG_WARN_UNREACHABLE_CODE = YES;
				CLANG_WARN__DUPLICATE_METHOD_MATCH = YES;
				COPY_PHASE_STRIP = NO;
				DEBUG_INFORMATION_FORMAT = "dwarf-with-dsym";
				ENABLE_NS_ASSERTIONS = NO;
				ENABLE_STRICT_OBJC_MSGSEND = YES;
				GCC_C_LANGUAGE_STANDARD = gnu99;
				GCC_NO_COMMON_BLOCKS = YES;
				GCC_WARN_64_TO_32_BIT_CONVERSION = YES;
				GCC_WARN_ABOUT_RETURN_TYPE = YES_ERROR;
				GCC_WARN_UNDECLARED_SELECTOR = YES;
				GCC_WARN_UNINITIALIZED_AUTOS = YES_AGGRESSIVE;
				GCC_WARN_UNUSED_FUNCTION = YES;
				GCC_WARN_UNUSED_VARIABLE = YES;
				MTL_ENABLE_DEBUG_INFO = NO;
				SDKROOT = appletvos;
				TARGETED_DEVICE_FAMILY = 3;
				TVOS_DEPLOYMENT_TARGET = 9.2;
				VALIDATE_PRODUCT = YES;
			};
			name = Release;
		};
		1837A98F1D7FC062000ED091 /* Debug */ = {
			isa = XCBuildConfiguration;
			baseConfigurationReference = BA58114257CB0CAB8080641E /* Pods-status-board.debug.xcconfig */;
			buildSettings = {
				ASSETCATALOG_COMPILER_APPICON_NAME = "App Icon & Top Shelf Image";
				ASSETCATALOG_COMPILER_LAUNCHIMAGE_NAME = LaunchImage;
				INFOPLIST_FILE = "status-board/Info.plist";
				LD_RUNPATH_SEARCH_PATHS = "$(inherited) @executable_path/Frameworks";
				PRODUCT_BUNDLE_IDENTIFIER = "com.untold.status-board";
				PRODUCT_NAME = "$(TARGET_NAME)";
			};
			name = Debug;
		};
		1837A9901D7FC062000ED091 /* Release */ = {
			isa = XCBuildConfiguration;
			baseConfigurationReference = A136CCB00FA25D75E9C4183B /* Pods-status-board.release.xcconfig */;
			buildSettings = {
				ASSETCATALOG_COMPILER_APPICON_NAME = "App Icon & Top Shelf Image";
				ASSETCATALOG_COMPILER_LAUNCHIMAGE_NAME = LaunchImage;
				INFOPLIST_FILE = "status-board/Info.plist";
				LD_RUNPATH_SEARCH_PATHS = "$(inherited) @executable_path/Frameworks";
				PRODUCT_BUNDLE_IDENTIFIER = "com.untold.status-board";
				PRODUCT_NAME = "$(TARGET_NAME)";
			};
			name = Release;
		};
/* End XCBuildConfiguration section */

/* Begin XCConfigurationList section */
		1837A97A1D7FC062000ED091 /* Build configuration list for PBXProject "status-board" */ = {
			isa = XCConfigurationList;
			buildConfigurations = (
				1837A98C1D7FC062000ED091 /* Debug */,
				1837A98D1D7FC062000ED091 /* Release */,
			);
			defaultConfigurationIsVisible = 0;
			defaultConfigurationName = Release;
		};
		1837A98E1D7FC062000ED091 /* Build configuration list for PBXNativeTarget "status-board" */ = {
			isa = XCConfigurationList;
			buildConfigurations = (
				1837A98F1D7FC062000ED091 /* Debug */,
				1837A9901D7FC062000ED091 /* Release */,
			);
			defaultConfigurationIsVisible = 0;
			defaultConfigurationName = Release;
		};
/* End XCConfigurationList section */
	};
	rootObject = 1837A9771D7FC062000ED091 /* Project object */;
}
